
Microsoft Visual Studio Solution File, Format Version 12.00
# Visual Studio Version 17
VisualStudioVersion = 17.2.32526.322
MinimumVisualStudioVersion = 10.0.40219.1
Project("{2150E333-8FDC-42A3-9474-1A3956D46DE8}") = "src", "src", "{2A01013C-2A36-412E-8DF2-9EBBF8D5E5B8}"
EndProject
Project("{FAE04EC0-301F-11D3-BF4B-00C04F79EFBC}") = "WeatherStationService", "src\WeatherStationService\WeatherStationService.csproj", "{59FF71CF-7DFB-4F97-A6E7-4A010EE089C7}"
EndProject
Project("{FAE04EC0-301F-11D3-BF4B-00C04F79EFBC}") = "WeatherStationService.Grpc", "src\WeatherStationService.Grpc\WeatherStationService.Grpc.csproj", "{465B3A4A-BFF0-4785-9B1C-4FE810BD2BE5}"
EndProject
Project("{FAE04EC0-301F-11D3-BF4B-00C04F79EFBC}") = "GisMeteoService", "src\GisMeteoService\GisMeteoService.csproj", "{BBA14684-168A-4393-81F1-13230BA4D107}"
EndProject
Global
	GlobalSection(SolutionConfigurationPlatforms) = preSolution
		Debug|Any CPU = Debug|Any CPU
		Release|Any CPU = Release|Any CPU
	EndGlobalSection
	GlobalSection(ProjectConfigurationPlatforms) = postSolution
		{59FF71CF-7DFB-4F97-A6E7-4A010EE089C7}.Debug|Any CPU.ActiveCfg = Debug|Any CPU
		{59FF71CF-7DFB-4F97-A6E7-4A010EE089C7}.Debug|Any CPU.Build.0 = Debug|Any CPU
		{59FF71CF-7DFB-4F97-A6E7-4A010EE089C7}.Release|Any CPU.ActiveCfg = Release|Any CPU
		{59FF71CF-7DFB-4F97-A6E7-4A010EE089C7}.Release|Any CPU.Build.0 = Release|Any CPU
		{465B3A4A-BFF0-4785-9B1C-4FE810BD2BE5}.Debug|Any CPU.ActiveCfg = Debug|Any CPU
		{465B3A4A-BFF0-4785-9B1C-4FE810BD2BE5}.Debug|Any CPU.Build.0 = Debug|Any CPU
		{465B3A4A-BFF0-4785-9B1C-4FE810BD2BE5}.Release|Any CPU.ActiveCfg = Release|Any CPU
		{465B3A4A-BFF0-4785-9B1C-4FE810BD2BE5}.Release|Any CPU.Build.0 = Release|Any CPU
		{BBA14684-168A-4393-81F1-13230BA4D107}.Debug|Any CPU.ActiveCfg = Debug|Any CPU
		{BBA14684-168A-4393-81F1-13230BA4D107}.Debug|Any CPU.Build.0 = Debug|Any CPU
		{BBA14684-168A-4393-81F1-13230BA4D107}.Release|Any CPU.ActiveCfg = Release|Any CPU
		{BBA14684-168A-4393-81F1-13230BA4D107}.Release|Any CPU.Build.0 = Release|Any CPU
	EndGlobalSection
	GlobalSection(SolutionProperties) = preSolution
		HideSolutionNode = FALSE
	EndGlobalSection
	GlobalSection(NestedProjects) = preSolution
		{59FF71CF-7DFB-4F97-A6E7-4A010EE089C7} = {2A01013C-2A36-412E-8DF2-9EBBF8D5E5B8}
		{465B3A4A-BFF0-4785-9B1C-4FE810BD2BE5} = {2A01013C-2A36-412E-8DF2-9EBBF8D5E5B8}
		{BBA14684-168A-4393-81F1-13230BA4D107} = {2A01013C-2A36-412E-8DF2-9EBBF8D5E5B8}
	EndGlobalSection
	GlobalSection(ExtensibilityGlobals) = postSolution
		SolutionGuid = {16D2CEB0-B1A9-43F0-896E-E2E50D4A800B}
	EndGlobalSection
EndGlobal
